
Microsoft Visual Studio Solution File, Format Version 12.00
# Visual Studio Version 16
VisualStudioVersion = 16.0.32802.440
MinimumVisualStudioVersion = 10.0.40219.1
Project("{FAE04EC0-301F-11D3-BF4B-00C04F79EFBC}") = "Cascading_DropDown_Using_API", "Cascading_DropDown_Using_API\Cascading_DropDown_Using_API.csproj", "{63C6CD89-C104-4543-8F8C-B275725C41E8}"
EndProject
Global
	GlobalSection(SolutionConfigurationPlatforms) = preSolution
		Debug|Any CPU = Debug|Any CPU
		Release|Any CPU = Release|Any CPU
	EndGlobalSection
	GlobalSection(ProjectConfigurationPlatforms) = postSolution
		{63C6CD89-C104-4543-8F8C-B275725C41E8}.Debug|Any CPU.ActiveCfg = Debug|Any CPU
		{63C6CD89-C104-4543-8F8C-B275725C41E8}.Debug|Any CPU.Build.0 = Debug|Any CPU
		{63C6CD89-C104-4543-8F8C-B275725C41E8}.Release|Any CPU.ActiveCfg = Release|Any CPU
		{63C6CD89-C104-4543-8F8C-B275725C41E8}.Release|Any CPU.Build.0 = Release|Any CPU
	EndGlobalSection
	GlobalSection(SolutionProperties) = preSolution
		HideSolutionNode = FALSE
	EndGlobalSection
	GlobalSection(ExtensibilityGlobals) = postSolution
		SolutionGuid = {BD1D40B6-D7FF-45A7-A8B5-5951914EE945}
	EndGlobalSection
EndGlobal
